
Microsoft Visual Studio Solution File, Format Version 12.00
# Visual Studio Version 16
VisualStudioVersion = 16.0.30503.244
MinimumVisualStudioVersion = 10.0.40219.1
Project("{FAE04EC0-301F-11D3-BF4B-00C04F79EFBC}") = "TestApplication", "TestApplication.csproj", "{2B43983B-81BE-4C95-9B0D-7535C3E33E89}"
EndProject
Project("{FAE04EC0-301F-11D3-BF4B-00C04F79EFBC}") = "TestApplicationTest", "..\TestApplicationTest\TestApplicationTest.csproj", "{FD6E213E-AEE8-45CD-ADD3-363DF698F6EB}"
EndProject
Global
	GlobalSection(SolutionConfigurationPlatforms) = preSolution
		Debug|Any CPU = Debug|Any CPU
		Release|Any CPU = Release|Any CPU
	EndGlobalSection
	GlobalSection(ProjectConfigurationPlatforms) = postSolution
		{2B43983B-81BE-4C95-9B0D-7535C3E33E89}.Debug|Any CPU.ActiveCfg = Debug|Any CPU
		{2B43983B-81BE-4C95-9B0D-7535C3E33E89}.Debug|Any CPU.Build.0 = Debug|Any CPU
		{2B43983B-81BE-4C95-9B0D-7535C3E33E89}.Release|Any CPU.ActiveCfg = Release|Any CPU
		{2B43983B-81BE-4C95-9B0D-7535C3E33E89}.Release|Any CPU.Build.0 = Release|Any CPU
		{FD6E213E-AEE8-45CD-ADD3-363DF698F6EB}.Debug|Any CPU.ActiveCfg = Debug|Any CPU
		{FD6E213E-AEE8-45CD-ADD3-363DF698F6EB}.Debug|Any CPU.Build.0 = Debug|Any CPU
		{FD6E213E-AEE8-45CD-ADD3-363DF698F6EB}.Release|Any CPU.ActiveCfg = Release|Any CPU
		{FD6E213E-AEE8-45CD-ADD3-363DF698F6EB}.Release|Any CPU.Build.0 = Release|Any CPU
	EndGlobalSection
	GlobalSection(SolutionProperties) = preSolution
		HideSolutionNode = FALSE
	EndGlobalSection
	GlobalSection(ExtensibilityGlobals) = postSolution
		SolutionGuid = {F73BA981-FDCE-40F0-B759-63607DC506F1}
	EndGlobalSection
EndGlobal
